{
  "version": 1,
  "dependencies": {
    "net10.0-windows7.0": {
      "DalamudPackager": {
        "type": "Direct",
        "requested": "[14.0.1, )",
        "resolved": "14.0.1",
        "contentHash": "y0WWyUE6dhpGdolK3iKgwys05/nZaVf4ZPtIjpLhJBZvHxkkiE23zYRo7K7uqAgoK/QvK5cqF6l3VG5AbgC6KA=="
      },
      "DotNet.ReproducibleBuilds": {
        "type": "Direct",
        "requested": "[1.2.39, )",
        "resolved": "1.2.39",
        "contentHash": "fcFN01tDTIQqDuTwr1jUQK/geofiwjG5DycJQOnC72i1SsLAk1ELe+apBOuZ11UMQG8YKFZG1FgvjZPbqHyatg=="
      },
      "JsonPoke.MSBuild": {
        "type": "Direct",
        "requested": "[1.0.9, )",
        "resolved": "1.0.9",
        "contentHash": "0C2NW2nWDBCMuDGqKqBeLIu8ijcJp4/RkWZ50m6MdiU5yahtIaajyeMvUNmPrv+EdEZ780vvkLnvKEsGNhr/mg=="
      },
      "NAudio": {
        "type": "Direct",
        "requested": "[1.10.0, )",
        "resolved": "1.10.0",
        "contentHash": "y6VvwSPfJhElUllkzE2FHXHAADYFGLwMPt048KlPyuUXcq4E0VEi+4hWrFd+lBsrb+Q5DvPA9w86oRTvKRO9UQ==",
        "dependencies": {
          "System.Resources.Extensions": "4.7.0"
        }
      },
      "System.Resources.Extensions": {
        "type": "Transitive",
        "resolved": "4.7.0",
        "contentHash": "Efd5jls31pR1MkEl/IlT/lOzG0nGRCoYnHctZTq597+absekOXaP53yUlv5U4DfcfImSAAupWVpTW1tE54lF7A=="
      }
    }
  }
}